
Microsoft Visual Studio Solution File, Format Version 12.00
# Visual Studio Version 16
VisualStudioVersion = 16.0.30503.244
MinimumVisualStudioVersion = 10.0.40219.1
Project("{FAE04EC0-301F-11D3-BF4B-00C04F79EFBC}") = "CoveoUABot", "CoveoUABot\CoveoUABot.csproj", "{FA28705D-3D75-4586-99A1-DE5EF6A73705}"
EndProject
Global
	GlobalSection(SolutionConfigurationPlatforms) = preSolution
		Debug|Any CPU = Debug|Any CPU
		Release|Any CPU = Release|Any CPU
	EndGlobalSection
	GlobalSection(ProjectConfigurationPlatforms) = postSolution
		{FA28705D-3D75-4586-99A1-DE5EF6A73705}.Debug|Any CPU.ActiveCfg = Debug|Any CPU
		{FA28705D-3D75-4586-99A1-DE5EF6A73705}.Debug|Any CPU.Build.0 = Debug|Any CPU
		{FA28705D-3D75-4586-99A1-DE5EF6A73705}.Release|Any CPU.ActiveCfg = Release|Any CPU
		{FA28705D-3D75-4586-99A1-DE5EF6A73705}.Release|Any CPU.Build.0 = Release|Any CPU
	EndGlobalSection
	GlobalSection(SolutionProperties) = preSolution
		HideSolutionNode = FALSE
	EndGlobalSection
	GlobalSection(ExtensibilityGlobals) = postSolution
		SolutionGuid = {CA948CD6-3831-41FC-8603-C63742A46E19}
	EndGlobalSection
EndGlobal
